<Solution>
  <Configurations>
    <Platform Name="x64" />
    <Platform Name="x86" />
  </Configurations>
  <Project Path="Bai02/Bai02.vcxproj" Id="78f8d795-e426-4b03-ae35-60f9a66d5fee" />
  <Project Path="Bai03/Bai03.vcxproj" Id="3086ce81-e2a2-4ec0-a2ee-bfd0bf7ccb16" />
  <Project Path="Bai04/Bai04.vcxproj" Id="fcc50559-6722-42d4-afce-42d80a0d30d0" />
  <Project Path="BT_Buoi03_25520518_NguyenLeDuyHau/BT_Buoi03_25520518_NguyenLeDuyHau.vcxproj" Id="92cd11a2-7db1-478b-8b1a-a5c999adf1c0" />
</Solution>
